
Microsoft Visual Studio Solution File, Format Version 12.00
# Visual Studio Version 16
VisualStudioVersion = 16.0.30104.148
MinimumVisualStudioVersion = 10.0.40219.1
Project("{FAE04EC0-301F-11D3-BF4B-00C04F79EFBC}") = "Parking", "Parking\Parking.csproj", "{CBF77FE8-9122-4439-9876-B4250DA72D0A}"
EndProject
Global
	GlobalSection(SolutionConfigurationPlatforms) = preSolution
		Debug|Any CPU = Debug|Any CPU
		Release|Any CPU = Release|Any CPU
	EndGlobalSection
	GlobalSection(ProjectConfigurationPlatforms) = postSolution
		{CBF77FE8-9122-4439-9876-B4250DA72D0A}.Debug|Any CPU.ActiveCfg = Debug|Any CPU
		{CBF77FE8-9122-4439-9876-B4250DA72D0A}.Debug|Any CPU.Build.0 = Debug|Any CPU
		{CBF77FE8-9122-4439-9876-B4250DA72D0A}.Release|Any CPU.ActiveCfg = Release|Any CPU
		{CBF77FE8-9122-4439-9876-B4250DA72D0A}.Release|Any CPU.Build.0 = Release|Any CPU
	EndGlobalSection
	GlobalSection(SolutionProperties) = preSolution
		HideSolutionNode = FALSE
	EndGlobalSection
	GlobalSection(ExtensibilityGlobals) = postSolution
		SolutionGuid = {A1F03890-16C3-42FB-8DE6-1312AF521145}
	EndGlobalSection
EndGlobal
